
Microsoft Visual Studio Solution File, Format Version 12.00
# Visual Studio Version 17
VisualStudioVersion = 17.5.33414.496
MinimumVisualStudioVersion = 10.0.40219.1
Project("{FAE04EC0-301F-11D3-BF4B-00C04F79EFBC}") = "RegexProblem", "RegexProblem.csproj", "{2AA90FDB-C949-4A26-8B89-157F0C14FE52}"
EndProject
Global
	GlobalSection(SolutionConfigurationPlatforms) = preSolution
		Debug|Any CPU = Debug|Any CPU
		Release|Any CPU = Release|Any CPU
	EndGlobalSection
	GlobalSection(ProjectConfigurationPlatforms) = postSolution
		{2AA90FDB-C949-4A26-8B89-157F0C14FE52}.Debug|Any CPU.ActiveCfg = Debug|Any CPU
		{2AA90FDB-C949-4A26-8B89-157F0C14FE52}.Debug|Any CPU.Build.0 = Debug|Any CPU
		{2AA90FDB-C949-4A26-8B89-157F0C14FE52}.Release|Any CPU.ActiveCfg = Release|Any CPU
		{2AA90FDB-C949-4A26-8B89-157F0C14FE52}.Release|Any CPU.Build.0 = Release|Any CPU
	EndGlobalSection
	GlobalSection(SolutionProperties) = preSolution
		HideSolutionNode = FALSE
	EndGlobalSection
	GlobalSection(ExtensibilityGlobals) = postSolution
		SolutionGuid = {8943182F-0D77-4FC0-A524-731FBE679ADD}
	EndGlobalSection
EndGlobal
